<?xml version="1.0" encoding="utf-8"?>
<Project ToolsVersion="4.0" xmlns="http://schemas.microsoft.com/developer/msbuild/2003">
  <ItemGroup>
    <Filter Include="Source Files">
      <UniqueIdentifier>{4FC737F1-C7A5-4376-A066-2A32D752A2FF}</UniqueIdentifier>
      <Extensions>cpp;c;cc;cxx;c++;cppm;ixx;def;odl;idl;hpj;bat;asm;asmx</Extensions>
    </Filter>
    <Filter Include="Header Files">
      <UniqueIdentifier>{93995380-89BD-4b04-88EB-625FBE52EBFB}</UniqueIdentifier>
      <Extensions>h;hh;hpp;hxx;h++;hm;inl;inc;ipp;xsd</Extensions>
    </Filter>
    <Filter Include="Resource Files">
      <UniqueIdentifier>{67DA6AB6-F800-4c08-8B7A-83BB121AAD01}</UniqueIdentifier>
      <Extensions>rc;ico;cur;bmp;dlg;rc2;rct;bin;rgs;gif;jpg;jpeg;jpe;resx;tiff;tif;png;wav;mfcribbon-ms</Extensions>
    </Filter>
  </ItemGroup>
  <ItemGroup>
    <ClInclude Include="keyValueDatabase.h">
      <Filter>Header Files</Filter>
    </ClInclude>
    <ClInclude Include="SystemError.h">
      <Filter>Header Files</Filter>
    </ClInclude>
    <ClInclude Include="IFileHandler.h">
      <Filter>Header Files</Filter>
    </ClInclude>
    <ClInclude Include="KeyNotFoundError.h">
      <Filter>Header Files</Filter>
    </ClInclude>
    <ClInclude Include="ValueTypeError.h">
      <Filter>Header Files</Filter>
    </ClInclude>
    <ClInclude Include="CSVFileHandler.h">
      <Filter>Header Files</Filter>
    </ClInclude>
    <ClInclude Include="FileIOError.h">
      <Filter>Header Files</Filter>
    </ClInclude>
  </ItemGroup>
  <ItemGroup>
    <ClCompile Include="Source.cpp">
      <Filter>Source Files</Filter>
    </ClCompile>
    <ClCompile Include="KeyNotFound.cpp">
      <Filter>Source Files</Filter>
    </ClCompile>
    <ClCompile Include="DuplicateKeyError.h">
      <Filter>Header Files</Filter>
    </ClCompile>
    <ClCompile Include="DuplicateKeyError.cpp">
      <Filter>Source Files</Filter>
    </ClCompile>
    <ClCompile Include="ValueTypeError.cpp">
      <Filter>Source Files</Filter>
    </ClCompile>
    <ClCompile Include="FileIOError.cpp">
      <Filter>Source Files</Filter>
    </ClCompile>
  </ItemGroup>
  <ItemGroup>
    <None Include="temp.csv">
      <Filter>Resource Files</Filter>
    </None>
    <None Include="nameToid.csv">
      <Filter>Resource Files</Filter>
    </None>
  </ItemGroup>
</Project>